
Microsoft Visual Studio Solution File, Format Version 12.00
# Visual Studio Version 17
VisualStudioVersion = 17.4.33213.308
MinimumVisualStudioVersion = 10.0.40219.1
Project("{FAE04EC0-301F-11D3-BF4B-00C04F79EFBC}") = "NewChallengeApp", "NewChallengeApp\NewChallengeApp.csproj", "{9055E553-6304-4C63-805C-4408F85F0F7B}"
EndProject
Global
	GlobalSection(SolutionConfigurationPlatforms) = preSolution
		Debug|Any CPU = Debug|Any CPU
		Release|Any CPU = Release|Any CPU
	EndGlobalSection
	GlobalSection(ProjectConfigurationPlatforms) = postSolution
		{9055E553-6304-4C63-805C-4408F85F0F7B}.Debug|Any CPU.ActiveCfg = Debug|Any CPU
		{9055E553-6304-4C63-805C-4408F85F0F7B}.Debug|Any CPU.Build.0 = Debug|Any CPU
		{9055E553-6304-4C63-805C-4408F85F0F7B}.Release|Any CPU.ActiveCfg = Release|Any CPU
		{9055E553-6304-4C63-805C-4408F85F0F7B}.Release|Any CPU.Build.0 = Release|Any CPU
	EndGlobalSection
	GlobalSection(SolutionProperties) = preSolution
		HideSolutionNode = FALSE
	EndGlobalSection
	GlobalSection(ExtensibilityGlobals) = postSolution
		SolutionGuid = {610F1A93-0AFA-4F47-899A-3073B283661F}
	EndGlobalSection
EndGlobal
